// !$*UTF8*$!
{
	archiveVersion = 1;
	classes = {
	};
	objectVersion = 46;
	objects = {

/* Begin PBXBuildFile section */
		CD28D7221933E86700850DFF /* AutoResizeTableViewCell.m in Sources */ = {isa = PBXBuildFile; fileRef = CD28D7211933E86700850DFF /* AutoResizeTableViewCell.m */; };
		CD3270241939BF0F00800958 /* NSLayoutConstraint+StandardOffsets.m in Sources */ = {isa = PBXBuildFile; fileRef = CD3270231939BF0F00800958 /* NSLayoutConstraint+StandardOffsets.m */; };
		CDE6CA331933ADDE00398BC1 /* Foundation.framework in Frameworks */ = {isa = PBXBuildFile; fileRef = CDE6CA321933ADDE00398BC1 /* Foundation.framework */; };
		CDE6CA351933ADDE00398BC1 /* CoreGraphics.framework in Frameworks */ = {isa = PBXBuildFile; fileRef = CDE6CA341933ADDE00398BC1 /* CoreGraphics.framework */; };
		CDE6CA371933ADDE00398BC1 /* UIKit.framework in Frameworks */ = {isa = PBXBuildFile; fileRef = CDE6CA361933ADDE00398BC1 /* UIKit.framework */; };
		CDE6CA3D1933ADDE00398BC1 /* InfoPlist.strings in Resources */ = {isa = PBXBuildFile; fileRef = CDE6CA3B1933ADDE00398BC1 /* InfoPlist.strings */; };
		CDE6CA3F1933ADDE00398BC1 /* main.m in Sources */ = {isa = PBXBuildFile; fileRef = CDE6CA3E1933ADDE00398BC1 /* main.m */; };
		CDE6CA431933ADDE00398BC1 /* AppDelegate.m in Sources */ = {isa = PBXBuildFile; fileRef = CDE6CA421933ADDE00398BC1 /* AppDelegate.m */; };
		CDE6CA461933ADDE00398BC1 /* Main.storyboard in Resources */ = {isa = PBXBuildFile; fileRef = CDE6CA441933ADDE00398BC1 /* Main.storyboard */; };
		CDE6CA4B1933ADDE00398BC1 /* Images.xcassets in Resources */ = {isa = PBXBuildFile; fileRef = CDE6CA4A1933ADDE00398BC1 /* Images.xcassets */; };
		CDE6CA521933ADDE00398BC1 /* XCTest.framework in Frameworks */ = {isa = PBXBuildFile; fileRef = CDE6CA511933ADDE00398BC1 /* XCTest.framework */; };
		CDE6CA531933ADDE00398BC1 /* Foundation.framework in Frameworks */ = {isa = PBXBuildFile; fileRef = CDE6CA321933ADDE00398BC1 /* Foundation.framework */; };
		CDE6CA541933ADDE00398BC1 /* UIKit.framework in Frameworks */ = {isa = PBXBuildFile; fileRef = CDE6CA361933ADDE00398BC1 /* UIKit.framework */; };
		CDE6CA5C1933ADDE00398BC1 /* InfoPlist.strings in Resources */ = {isa = PBXBuildFile; fileRef = CDE6CA5A1933ADDE00398BC1 /* InfoPlist.strings */; };
		CDE6CA5E1933ADDE00398BC1 /* AutoResizeTextViewTests.m in Sources */ = {isa = PBXBuildFile; fileRef = CDE6CA5D1933ADDE00398BC1 /* AutoResizeTextViewTests.m */; };
		CDE6CA691933AEA800398BC1 /* MyTableViewController.m in Sources */ = {isa = PBXBuildFile; fileRef = CDE6CA681933AEA800398BC1 /* MyTableViewController.m */; };
/* End PBXBuildFile section */

/* Begin PBXContainerItemProxy section */
		CDE6CA551933ADDE00398BC1 /* PBXContainerItemProxy */ = {
			isa = PBXContainerItemProxy;
			containerPortal = CDE6CA271933ADDE00398BC1 /* Project object */;
			proxyType = 1;
			remoteGlobalIDString = CDE6CA2E1933ADDE00398BC1;
			remoteInfo = AutoResizeTextView;
		};
/* End PBXContainerItemProxy section */

/* Begin PBXFileReference section */
		CD28D7201933E86700850DFF /* AutoResizeTableViewCell.h */ = {isa = PBXFileReference; fileEncoding = 4; lastKnownFileType = sourcecode.c.h; path = AutoResizeTableViewCell.h; sourceTree = "<group>"; };
		CD28D7211933E86700850DFF /* AutoResizeTableViewCell.m */ = {isa = PBXFileReference; fileEncoding = 4; lastKnownFileType = sourcecode.c.objc; path = AutoResizeTableViewCell.m; sourceTree = "<group>"; };
		CD3270221939BF0F00800958 /* NSLayoutConstraint+StandardOffsets.h */ = {isa = PBXFileReference; fileEncoding = 4; lastKnownFileType = sourcecode.c.h; path = "NSLayoutConstraint+StandardOffsets.h"; sourceTree = "<group>"; };
		CD3270231939BF0F00800958 /* NSLayoutConstraint+StandardOffsets.m */ = {isa = PBXFileReference; fileEncoding = 4; lastKnownFileType = sourcecode.c.objc; path = "NSLayoutConstraint+StandardOffsets.m"; sourceTree = "<group>"; };
		CDE6CA2F1933ADDE00398BC1 /* AutoResizeTextView.app */ = {isa = PBXFileReference; explicitFileType = wrapper.application; includeInIndex = 0; path = AutoResizeTextView.app; sourceTree = BUILT_PRODUCTS_DIR; };
		CDE6CA321933ADDE00398BC1 /* Foundation.framework */ = {isa = PBXFileReference; lastKnownFileType = wrapper.framework; name = Foundation.framework; path = System/Library/Frameworks/Foundation.framework; sourceTree = SDKROOT; };
		CDE6CA341933ADDE00398BC1 /* CoreGraphics.framework */ = {isa = PBXFileReference; lastKnownFileType = wrapper.framework; name = CoreGraphics.framework; path = System/Library/Frameworks/CoreGraphics.framework; sourceTree = SDKROOT; };
		CDE6CA361933ADDE00398BC1 /* UIKit.framework */ = {isa = PBXFileReference; lastKnownFileType = wrapper.framework; name = UIKit.framework; path = System/Library/Frameworks/UIKit.framework; sourceTree = SDKROOT; };
		CDE6CA3A1933ADDE00398BC1 /* AutoResizeTextView-Info.plist */ = {isa = PBXFileReference; lastKnownFileType = text.plist.xml; path = "AutoResizeTextView-Info.plist"; sourceTree = "<group>"; };
		CDE6CA3C1933ADDE00398BC1 /* en */ = {isa = PBXFileReference; lastKnownFileType = text.plist.strings; name = en; path = en.lproj/InfoPlist.strings; sourceTree = "<group>"; };
		CDE6CA3E1933ADDE00398BC1 /* main.m */ = {isa = PBXFileReference; lastKnownFileType = sourcecode.c.objc; path = main.m; sourceTree = "<group>"; };
		CDE6CA401933ADDE00398BC1 /* AutoResizeTextView-Prefix.pch */ = {isa = PBXFileReference; lastKnownFileType = sourcecode.c.h; path = "AutoResizeTextView-Prefix.pch"; sourceTree = "<group>"; };
		CDE6CA411933ADDE00398BC1 /* AppDelegate.h */ = {isa = PBXFileReference; lastKnownFileType = sourcecode.c.h; path = AppDelegate.h; sourceTree = "<group>"; };
		CDE6CA421933ADDE00398BC1 /* AppDelegate.m */ = {isa = PBXFileReference; lastKnownFileType = sourcecode.c.objc; path = AppDelegate.m; sourceTree = "<group>"; };
		CDE6CA451933ADDE00398BC1 /* Base */ = {isa = PBXFileReference; lastKnownFileType = file.storyboard; name = Base; path = Base.lproj/Main.storyboard; sourceTree = "<group>"; };
		CDE6CA4A1933ADDE00398BC1 /* Images.xcassets */ = {isa = PBXFileReference; lastKnownFileType = folder.assetcatalog; path = Images.xcassets; sourceTree = "<group>"; };
		CDE6CA501933ADDE00398BC1 /* AutoResizeTextViewTests.xctest */ = {isa = PBXFileReference; explicitFileType = wrapper.cfbundle; includeInIndex = 0; path = AutoResizeTextViewTests.xctest; sourceTree = BUILT_PRODUCTS_DIR; };
		CDE6CA511933ADDE00398BC1 /* XCTest.framework */ = {isa = PBXFileReference; lastKnownFileType = wrapper.framework; name = XCTest.framework; path = Library/Frameworks/XCTest.framework; sourceTree = DEVELOPER_DIR; };
		CDE6CA591933ADDE00398BC1 /* AutoResizeTextViewTests-Info.plist */ = {isa = PBXFileReference; lastKnownFileType = text.plist.xml; path = "AutoResizeTextViewTests-Info.plist"; sourceTree = "<group>"; };
		CDE6CA5B1933ADDE00398BC1 /* en */ = {isa = PBXFileReference; lastKnownFileType = text.plist.strings; name = en; path = en.lproj/InfoPlist.strings; sourceTree = "<group>"; };
		CDE6CA5D1933ADDE00398BC1 /* AutoResizeTextViewTests.m */ = {isa = PBXFileReference; lastKnownFileType = sourcecode.c.objc; path = AutoResizeTextViewTests.m; sourceTree = "<group>"; };
		CDE6CA671933AEA800398BC1 /* MyTableViewController.h */ = {isa = PBXFileReference; fileEncoding = 4; lastKnownFileType = sourcecode.c.h; path = MyTableViewController.h; sourceTree = "<group>"; };
		CDE6CA681933AEA800398BC1 /* MyTableViewController.m */ = {isa = PBXFileReference; fileEncoding = 4; lastKnownFileType = sourcecode.c.objc; path = MyTableViewController.m; sourceTree = "<group>"; };
/* End PBXFileReference section */

/* Begin PBXFrameworksBuildPhase section */
		CDE6CA2C1933ADDE00398BC1 /* Frameworks */ = {
			isa = PBXFrameworksBuildPhase;
			buildActionMask = 2147483647;
			files = (
				CDE6CA351933ADDE00398BC1 /* CoreGraphics.framework in Frameworks */,
				CDE6CA371933ADDE00398BC1 /* UIKit.framework in Frameworks */,
				CDE6CA331933ADDE00398BC1 /* Foundation.framework in Frameworks */,
			);
			runOnlyForDeploymentPostprocessing = 0;
		};
		CDE6CA4D1933ADDE00398BC1 /* Frameworks */ = {
			isa = PBXFrameworksBuildPhase;
			buildActionMask = 2147483647;
			files = (
				CDE6CA521933ADDE00398BC1 /* XCTest.framework in Frameworks */,
				CDE6CA541933ADDE00398BC1 /* UIKit.framework in Frameworks */,
				CDE6CA531933ADDE00398BC1 /* Foundation.framework in Frameworks */,
			);
			runOnlyForDeploymentPostprocessing = 0;
		};
/* End PBXFrameworksBuildPhase section */

/* Begin PBXGroup section */
		CDE6CA261933ADDE00398BC1 = {
			isa = PBXGroup;
			children = (
				CDE6CA381933ADDE00398BC1 /* AutoResizeTextView */,
				CDE6CA571933ADDE00398BC1 /* AutoResizeTextViewTests */,
				CDE6CA311933ADDE00398BC1 /* Frameworks */,
				CDE6CA301933ADDE00398BC1 /* Products */,
			);
			sourceTree = "<group>";
		};
		CDE6CA301933ADDE00398BC1 /* Products */ = {
			isa = PBXGroup;
			children = (
				CDE6CA2F1933ADDE00398BC1 /* AutoResizeTextView.app */,
				CDE6CA501933ADDE00398BC1 /* AutoResizeTextViewTests.xctest */,
			);
			name = Products;
			sourceTree = "<group>";
		};
		CDE6CA311933ADDE00398BC1 /* Frameworks */ = {
			isa = PBXGroup;
			children = (
				CDE6CA321933ADDE00398BC1 /* Foundation.framework */,
				CDE6CA341933ADDE00398BC1 /* CoreGraphics.framework */,
				CDE6CA361933ADDE00398BC1 /* UIKit.framework */,
				CDE6CA511933ADDE00398BC1 /* XCTest.framework */,
			);
			name = Frameworks;
			sourceTree = "<group>";
		};
		CDE6CA381933ADDE00398BC1 /* AutoResizeTextView */ = {
			isa = PBXGroup;
			children = (
				CDE6CA411933ADDE00398BC1 /* AppDelegate.h */,
				CDE6CA421933ADDE00398BC1 /* AppDelegate.m */,
				CDE6CA441933ADDE00398BC1 /* Main.storyboard */,
				CD3270221939BF0F00800958 /* NSLayoutConstraint+StandardOffsets.h */,
				CD3270231939BF0F00800958 /* NSLayoutConstraint+StandardOffsets.m */,
				CD28D7201933E86700850DFF /* AutoResizeTableViewCell.h */,
				CD28D7211933E86700850DFF /* AutoResizeTableViewCell.m */,
				CDE6CA671933AEA800398BC1 /* MyTableViewController.h */,
				CDE6CA681933AEA800398BC1 /* MyTableViewController.m */,
				CDE6CA4A1933ADDE00398BC1 /* Images.xcassets */,
				CDE6CA391933ADDE00398BC1 /* Supporting Files */,
			);
			path = AutoResizeTextView;
			sourceTree = "<group>";
		};
		CDE6CA391933ADDE00398BC1 /* Supporting Files */ = {
			isa = PBXGroup;
			children = (
				CDE6CA3A1933ADDE00398BC1 /* AutoResizeTextView-Info.plist */,
				CDE6CA3B1933ADDE00398BC1 /* InfoPlist.strings */,
				CDE6CA3E1933ADDE00398BC1 /* main.m */,
				CDE6CA401933ADDE00398BC1 /* AutoResizeTextView-Prefix.pch */,
			);
			name = "Supporting Files";
			sourceTree = "<group>";
		};
		CDE6CA571933ADDE00398BC1 /* AutoResizeTextViewTests */ = {
			isa = PBXGroup;
			children = (
				CDE6CA5D1933ADDE00398BC1 /* AutoResizeTextViewTests.m */,
				CDE6CA581933ADDE00398BC1 /* Supporting Files */,
			);
			path = AutoResizeTextViewTests;
			sourceTree = "<group>";
		};
		CDE6CA581933ADDE00398BC1 /* Supporting Files */ = {
			isa = PBXGroup;
			children = (
				CDE6CA591933ADDE00398BC1 /* AutoResizeTextViewTests-Info.plist */,
				CDE6CA5A1933ADDE00398BC1 /* InfoPlist.strings */,
			);
			name = "Supporting Files";
			sourceTree = "<group>";
		};
/* End PBXGroup section */

/* Begin PBXNativeTarget section */
		CDE6CA2E1933ADDE00398BC1 /* AutoResizeTextView */ = {
			isa = PBXNativeTarget;
			buildConfigurationList = CDE6CA611933ADDE00398BC1 /* Build configuration list for PBXNativeTarget "AutoResizeTextView" */;
			buildPhases = (
				CDE6CA2B1933ADDE00398BC1 /* Sources */,
				CDE6CA2C1933ADDE00398BC1 /* Frameworks */,
				CDE6CA2D1933ADDE00398BC1 /* Resources */,
			);
			buildRules = (
			);
			dependencies = (
			);
			name = AutoResizeTextView;
			productName = AutoResizeTextView;
			productReference = CDE6CA2F1933ADDE00398BC1 /* AutoResizeTextView.app */;
			productType = "com.apple.product-type.application";
		};
		CDE6CA4F1933ADDE00398BC1 /* AutoResizeTextViewTests */ = {
			isa = PBXNativeTarget;
			buildConfigurationList = CDE6CA641933ADDE00398BC1 /* Build configuration list for PBXNativeTarget "AutoResizeTextViewTests" */;
			buildPhases = (
				CDE6CA4C1933ADDE00398BC1 /* Sources */,
				CDE6CA4D1933ADDE00398BC1 /* Frameworks */,
				CDE6CA4E1933ADDE00398BC1 /* Resources */,
			);
			buildRules = (
			);
			dependencies = (
				CDE6CA561933ADDE00398BC1 /* PBXTargetDependency */,
			);
			name = AutoResizeTextViewTests;
			productName = AutoResizeTextViewTests;
			productReference = CDE6CA501933ADDE00398BC1 /* AutoResizeTextViewTests.xctest */;
			productType = "com.apple.product-type.bundle.unit-test";
		};
/* End PBXNativeTarget section */

/* Begin PBXProject section */
		CDE6CA271933ADDE00398BC1 /* Project object */ = {
			isa = PBXProject;
			attributes = {
				LastUpgradeCheck = 0510;
				TargetAttributes = {
					CDE6CA4F1933ADDE00398BC1 = {
						TestTargetID = CDE6CA2E1933ADDE00398BC1;
					};
				};
			};
			buildConfigurationList = CDE6CA2A1933ADDE00398BC1 /* Build configuration list for PBXProject "AutoResizeTextView" */;
			compatibilityVersion = "Xcode 3.2";
			developmentRegion = English;
			hasScannedForEncodings = 0;
			knownRegions = (
				en,
				Base,
			);
			mainGroup = CDE6CA261933ADDE00398BC1;
			productRefGroup = CDE6CA301933ADDE00398BC1 /* Products */;
			projectDirPath = "";
			projectRoot = "";
			targets = (
				CDE6CA2E1933ADDE00398BC1 /* AutoResizeTextView */,
				CDE6CA4F1933ADDE00398BC1 /* AutoResizeTextViewTests */,
			);
		};
/* End PBXProject section */

/* Begin PBXResourcesBuildPhase section */
		CDE6CA2D1933ADDE00398BC1 /* Resources */ = {
			isa = PBXResourcesBuildPhase;
			buildActionMask = 2147483647;
			files = (
				CDE6CA4B1933ADDE00398BC1 /* Images.xcassets in Resources */,
				CDE6CA3D1933ADDE00398BC1 /* InfoPlist.strings in Resources */,
				CDE6CA461933ADDE00398BC1 /* Main.storyboard in Resources */,
			);
			runOnlyForDeploymentPostprocessing = 0;
		};
		CDE6CA4E1933ADDE00398BC1 /* Resources */ = {
			isa = PBXResourcesBuildPhase;
			buildActionMask = 2147483647;
			files = (
				CDE6CA5C1933ADDE00398BC1 /* InfoPlist.strings in Resources */,
			);
			runOnlyForDeploymentPostprocessing = 0;
		};
/* End PBXResourcesBuildPhase section */

/* Begin PBXSourcesBuildPhase section */
		CDE6CA2B1933ADDE00398BC1 /* Sources */ = {
			isa = PBXSourcesBuildPhase;
			buildActionMask = 2147483647;
			files = (
				CDE6CA691933AEA800398BC1 /* MyTableViewController.m in Sources */,
				CD3270241939BF0F00800958 /* NSLayoutConstraint+StandardOffsets.m in Sources */,
				CDE6CA431933ADDE00398BC1 /* AppDelegate.m in Sources */,
				CD28D7221933E86700850DFF /* AutoResizeTableViewCell.m in Sources */,
				CDE6CA3F1933ADDE00398BC1 /* main.m in Sources */,
			);
			runOnlyForDeploymentPostprocessing = 0;
		};
		CDE6CA4C1933ADDE00398BC1 /* Sources */ = {
			isa = PBXSourcesBuildPhase;
			buildActionMask = 2147483647;
			files = (
				CDE6CA5E1933ADDE00398BC1 /* AutoResizeTextViewTests.m in Sources */,
			);
			runOnlyForDeploymentPostprocessing = 0;
		};
/* End PBXSourcesBuildPhase section */

/* Begin PBXTargetDependency section */
		CDE6CA561933ADDE00398BC1 /* PBXTargetDependency */ = {
			isa = PBXTargetDependency;
			target = CDE6CA2E1933ADDE00398BC1 /* AutoResizeTextView */;
			targetProxy = CDE6CA551933ADDE00398BC1 /* PBXContainerItemProxy */;
		};
/* End PBXTargetDependency section */

/* Begin PBXVariantGroup section */
		CDE6CA3B1933ADDE00398BC1 /* InfoPlist.strings */ = {
			isa = PBXVariantGroup;
			children = (
				CDE6CA3C1933ADDE00398BC1 /* en */,
			);
			name = InfoPlist.strings;
			sourceTree = "<group>";
		};
		CDE6CA441933ADDE00398BC1 /* Main.storyboard */ = {
			isa = PBXVariantGroup;
			children = (
				CDE6CA451933ADDE00398BC1 /* Base */,
			);
			name = Main.storyboard;
			sourceTree = "<group>";
		};
		CDE6CA5A1933ADDE00398BC1 /* InfoPlist.strings */ = {
			isa = PBXVariantGroup;
			children = (
				CDE6CA5B1933ADDE00398BC1 /* en */,
			);
			name = InfoPlist.strings;
			sourceTree = "<group>";
		};
/* End PBXVariantGroup section */

/* Begin XCBuildConfiguration section */
		CDE6CA5F1933ADDE00398BC1 /* Debug */ = {
			isa = XCBuildConfiguration;
			buildSettings = {
				ALWAYS_SEARCH_USER_PATHS = NO;
				CLANG_CXX_LANGUAGE_STANDARD = "gnu++0x";
				CLANG_CXX_LIBRARY = "libc++";
				CLANG_ENABLE_MODULES = YES;
				CLANG_ENABLE_OBJC_ARC = YES;
				CLANG_WARN_BOOL_CONVERSION = YES;
				CLANG_WARN_CONSTANT_CONVERSION = YES;
				CLANG_WARN_DIRECT_OBJC_ISA_USAGE = YES_ERROR;
				CLANG_WARN_EMPTY_BODY = YES;
				CLANG_WARN_ENUM_CONVERSION = YES;
				CLANG_WARN_INT_CONVERSION = YES;
				CLANG_WARN_OBJC_ROOT_CLASS = YES_ERROR;
				CLANG_WARN__DUPLICATE_METHOD_MATCH = YES;
				"CODE_SIGN_IDENTITY[sdk=iphoneos*]" = "iPhone Developer";
				COPY_PHASE_STRIP = NO;
				GCC_C_LANGUAGE_STANDARD = gnu99;
				GCC_DYNAMIC_NO_PIC = NO;
				GCC_OPTIMIZATION_LEVEL = 0;
				GCC_PREPROCESSOR_DEFINITIONS = (
					"DEBUG=1",
					"$(inherited)",
				);
				GCC_SYMBOLS_PRIVATE_EXTERN = NO;
				GCC_WARN_64_TO_32_BIT_CONVERSION = YES;
				GCC_WARN_ABOUT_RETURN_TYPE = YES_ERROR;
				GCC_WARN_UNDECLARED_SELECTOR = YES;
				GCC_WARN_UNINITIALIZED_AUTOS = YES_AGGRESSIVE;
				GCC_WARN_UNUSED_FUNCTION = YES;
				GCC_WARN_UNUSED_VARIABLE = YES;
				IPHONEOS_DEPLOYMENT_TARGET = 7.1;
				ONLY_ACTIVE_ARCH = YES;
				SDKROOT = iphoneos;
			};
			name = Debug;
		};
		CDE6CA601933ADDE00398BC1 /* Release */ = {
			isa = XCBuildConfiguration;
			buildSettings = {
				ALWAYS_SEARCH_USER_PATHS = NO;
				CLANG_CXX_LANGUAGE_STANDARD = "gnu++0x";
				CLANG_CXX_LIBRARY = "libc++";
				CLANG_ENABLE_MODULES = YES;
				CLANG_ENABLE_OBJC_ARC = YES;
				CLANG_WARN_BOOL_CONVERSION = YES;
				CLANG_WARN_CONSTANT_CONVERSION = YES;
				CLANG_WARN_DIRECT_OBJC_ISA_USAGE = YES_ERROR;
				CLANG_WARN_EMPTY_BODY = YES;
				CLANG_WARN_ENUM_CONVERSION = YES;
				CLANG_WARN_INT_CONVERSION = YES;
				CLANG_WARN_OBJC_ROOT_CLASS = YES_ERROR;
				CLANG_WARN__DUPLICATE_METHOD_MATCH = YES;
				"CODE_SIGN_IDENTITY[sdk=iphoneos*]" = "iPhone Developer";
				COPY_PHASE_STRIP = YES;
				ENABLE_NS_ASSERTIONS = NO;
				GCC_C_LANGUAGE_STANDARD = gnu99;
				GCC_WARN_64_TO_32_BIT_CONVERSION = YES;
				GCC_WARN_ABOUT_RETURN_TYPE = YES_ERROR;
				GCC_WARN_UNDECLARED_SELECTOR = YES;
				GCC_WARN_UNINITIALIZED_AUTOS = YES_AGGRESSIVE;
				GCC_WARN_UNUSED_FUNCTION = YES;
				GCC_WARN_UNUSED_VARIABLE = YES;
				IPHONEOS_DEPLOYMENT_TARGET = 7.1;
				SDKROOT = iphoneos;
				VALIDATE_PRODUCT = YES;
			};
			name = Release;
		};
		CDE6CA621933ADDE00398BC1 /* Debug */ = {
			isa = XCBuildConfiguration;
			buildSettings = {
				ASSETCATALOG_COMPILER_APPICON_NAME = AppIcon;
				ASSETCATALOG_COMPILER_LAUNCHIMAGE_NAME = LaunchImage;
				GCC_PRECOMPILE_PREFIX_HEADER = YES;
				GCC_PREFIX_HEADER = "AutoResizeTextView/AutoResizeTextView-Prefix.pch";
				INFOPLIST_FILE = "AutoResizeTextView/AutoResizeTextView-Info.plist";
				IPHONEOS_DEPLOYMENT_TARGET = 7.1;
				PRODUCT_NAME = "$(TARGET_NAME)";
				WRAPPER_EXTENSION = app;
			};
			name = Debug;
		};
		CDE6CA631933ADDE00398BC1 /* Release */ = {
			isa = XCBuildConfiguration;
			buildSettings = {
				ASSETCATALOG_COMPILER_APPICON_NAME = AppIcon;
				ASSETCATALOG_COMPILER_LAUNCHIMAGE_NAME = LaunchImage;
				GCC_PRECOMPILE_PREFIX_HEADER = YES;
				GCC_PREFIX_HEADER = "AutoResizeTextView/AutoResizeTextView-Prefix.pch";
				INFOPLIST_FILE = "AutoResizeTextView/AutoResizeTextView-Info.plist";
				IPHONEOS_DEPLOYMENT_TARGET = 7.1;
				PRODUCT_NAME = "$(TARGET_NAME)";
				WRAPPER_EXTENSION = app;
			};
			name = Release;
		};
		CDE6CA651933ADDE00398BC1 /* Debug */ = {
			isa = XCBuildConfiguration;
			buildSettings = {
				BUNDLE_LOADER = "$(BUILT_PRODUCTS_DIR)/AutoResizeTextView.app/AutoResizeTextView";
				FRAMEWORK_SEARCH_PATHS = (
					"$(SDKROOT)/Developer/Library/Frameworks",
					"$(inherited)",
					"$(DEVELOPER_FRAMEWORKS_DIR)",
				);
				GCC_PRECOMPILE_PREFIX_HEADER = YES;
				GCC_PREFIX_HEADER = "AutoResizeTextView/AutoResizeTextView-Prefix.pch";
				GCC_PREPROCESSOR_DEFINITIONS = (
					"DEBUG=1",
					"$(inherited)",
				);
				INFOPLIST_FILE = "AutoResizeTextViewTests/AutoResizeTextViewTests-Info.plist";
				PRODUCT_NAME = "$(TARGET_NAME)";
				TEST_HOST = "$(BUNDLE_LOADER)";
				WRAPPER_EXTENSION = xctest;
			};
			name = Debug;
		};
		CDE6CA661933ADDE00398BC1 /* Release */ = {
			isa = XCBuildConfiguration;
			buildSettings = {
				BUNDLE_LOADER = "$(BUILT_PRODUCTS_DIR)/AutoResizeTextView.app/AutoResizeTextView";
				FRAMEWORK_SEARCH_PATHS = (
					"$(SDKROOT)/Developer/Library/Frameworks",
					"$(inherited)",
					"$(DEVELOPER_FRAMEWORKS_DIR)",
				);
				GCC_PRECOMPILE_PREFIX_HEADER = YES;
				GCC_PREFIX_HEADER = "AutoResizeTextView/AutoResizeTextView-Prefix.pch";
				INFOPLIST_FILE = "AutoResizeTextViewTests/AutoResizeTextViewTests-Info.plist";
				PRODUCT_NAME = "$(TARGET_NAME)";
				TEST_HOST = "$(BUNDLE_LOADER)";
				WRAPPER_EXTENSION = xctest;
			};
			name = Release;
		};
/* End XCBuildConfiguration section */

/* Begin XCConfigurationList section */
		CDE6CA2A1933ADDE00398BC1 /* Build configuration list for PBXProject "AutoResizeTextView" */ = {
			isa = XCConfigurationList;
			buildConfigurations = (
				CDE6CA5F1933ADDE00398BC1 /* Debug */,
				CDE6CA601933ADDE00398BC1 /* Release */,
			);
			defaultConfigurationIsVisible = 0;
			defaultConfigurationName = Release;
		};
		CDE6CA611933ADDE00398BC1 /* Build configuration list for PBXNativeTarget "AutoResizeTextView" */ = {
			isa = XCConfigurationList;
			buildConfigurations = (
				CDE6CA621933ADDE00398BC1 /* Debug */,
				CDE6CA631933ADDE00398BC1 /* Release */,
			);
			defaultConfigurationIsVisible = 0;
			defaultConfigurationName = Release;
		};
		CDE6CA641933ADDE00398BC1 /* Build configuration list for PBXNativeTarget "AutoResizeTextViewTests" */ = {
			isa = XCConfigurationList;
			buildConfigurations = (
				CDE6CA651933ADDE00398BC1 /* Debug */,
				CDE6CA661933ADDE00398BC1 /* Release */,
			);
			defaultConfigurationIsVisible = 0;
			defaultConfigurationName = Release;
		};
/* End XCConfigurationList section */
	};
	rootObject = CDE6CA271933ADDE00398BC1 /* Project object */;
}
